
Microsoft Visual Studio Solution File, Format Version 12.00
# Visual Studio Version 16
VisualStudioVersion = 16.0.31702.278
MinimumVisualStudioVersion = 10.0.40219.1
Project("{FAE04EC0-301F-11D3-BF4B-00C04F79EFBC}") = "Common-XAML-Controls-Part-1", "Common-XAML-Controls-Part-1\Common-XAML-Controls-Part-1.csproj", "{29FD85D6-7615-4F4B-A019-8BCDDA7E3328}"
EndProject
Project("{FAE04EC0-301F-11D3-BF4B-00C04F79EFBC}") = "Common-XAML-Controls-Part-2", "Common-XAML-Controls-Part-2\Common-XAML-Controls-Part-2.csproj", "{DFB17148-A8A9-4B31-B615-F77E0FA11715}"
EndProject
Project("{FAE04EC0-301F-11D3-BF4B-00C04F79EFBC}") = "U26", "U26\U26.csproj", "{5091F19D-3DAF-4948-A40B-692F0A53160E}"
EndProject
Global
	GlobalSection(SolutionConfigurationPlatforms) = preSolution
		Debug|ARM = Debug|ARM
		Debug|ARM64 = Debug|ARM64
		Debug|x64 = Debug|x64
		Debug|x86 = Debug|x86
		Release|ARM = Release|ARM
		Release|ARM64 = Release|ARM64
		Release|x64 = Release|x64
		Release|x86 = Release|x86
	EndGlobalSection
	GlobalSection(ProjectConfigurationPlatforms) = postSolution
		{29FD85D6-7615-4F4B-A019-8BCDDA7E3328}.Debug|ARM.ActiveCfg = Debug|ARM
		{29FD85D6-7615-4F4B-A019-8BCDDA7E3328}.Debug|ARM.Build.0 = Debug|ARM
		{29FD85D6-7615-4F4B-A019-8BCDDA7E3328}.Debug|ARM.Deploy.0 = Debug|ARM
		{29FD85D6-7615-4F4B-A019-8BCDDA7E3328}.Debug|ARM64.ActiveCfg = Debug|ARM64
		{29FD85D6-7615-4F4B-A019-8BCDDA7E3328}.Debug|ARM64.Build.0 = Debug|ARM64
		{29FD85D6-7615-4F4B-A019-8BCDDA7E3328}.Debug|ARM64.Deploy.0 = Debug|ARM64
		{29FD85D6-7615-4F4B-A019-8BCDDA7E3328}.Debug|x64.ActiveCfg = Debug|x64
		{29FD85D6-7615-4F4B-A019-8BCDDA7E3328}.Debug|x64.Build.0 = Debug|x64
		{29FD85D6-7615-4F4B-A019-8BCDDA7E3328}.Debug|x64.Deploy.0 = Debug|x64
		{29FD85D6-7615-4F4B-A019-8BCDDA7E3328}.Debug|x86.ActiveCfg = Debug|x86
		{29FD85D6-7615-4F4B-A019-8BCDDA7E3328}.Debug|x86.Build.0 = Debug|x86
		{29FD85D6-7615-4F4B-A019-8BCDDA7E3328}.Debug|x86.Deploy.0 = Debug|x86
		{29FD85D6-7615-4F4B-A019-8BCDDA7E3328}.Release|ARM.ActiveCfg = Release|ARM
		{29FD85D6-7615-4F4B-A019-8BCDDA7E3328}.Release|ARM.Build.0 = Release|ARM
		{29FD85D6-7615-4F4B-A019-8BCDDA7E3328}.Release|ARM.Deploy.0 = Release|ARM
		{29FD85D6-7615-4F4B-A019-8BCDDA7E3328}.Release|ARM64.ActiveCfg = Release|ARM64
		{29FD85D6-7615-4F4B-A019-8BCDDA7E3328}.Release|ARM64.Build.0 = Release|ARM64
		{29FD85D6-7615-4F4B-A019-8BCDDA7E3328}.Release|ARM64.Deploy.0 = Release|ARM64
		{29FD85D6-7615-4F4B-A019-8BCDDA7E3328}.Release|x64.ActiveCfg = Release|x64
		{29FD85D6-7615-4F4B-A019-8BCDDA7E3328}.Release|x64.Build.0 = Release|x64
		{29FD85D6-7615-4F4B-A019-8BCDDA7E3328}.Release|x64.Deploy.0 = Release|x64
		{29FD85D6-7615-4F4B-A019-8BCDDA7E3328}.Release|x86.ActiveCfg = Release|x86
		{29FD85D6-7615-4F4B-A019-8BCDDA7E3328}.Release|x86.Build.0 = Release|x86
		{29FD85D6-7615-4F4B-A019-8BCDDA7E3328}.Release|x86.Deploy.0 = Release|x86
		{DFB17148-A8A9-4B31-B615-F77E0FA11715}.Debug|ARM.ActiveCfg = Debug|ARM
		{DFB17148-A8A9-4B31-B615-F77E0FA11715}.Debug|ARM.Build.0 = Debug|ARM
		{DFB17148-A8A9-4B31-B615-F77E0FA11715}.Debug|ARM.Deploy.0 = Debug|ARM
		{DFB17148-A8A9-4B31-B615-F77E0FA11715}.Debug|ARM64.ActiveCfg = Debug|ARM64
		{DFB17148-A8A9-4B31-B615-F77E0FA11715}.Debug|ARM64.Build.0 = Debug|ARM64
		{DFB17148-A8A9-4B31-B615-F77E0FA11715}.Debug|ARM64.Deploy.0 = Debug|ARM64
		{DFB17148-A8A9-4B31-B615-F77E0FA11715}.Debug|x64.ActiveCfg = Debug|x64
		{DFB17148-A8A9-4B31-B615-F77E0FA11715}.Debug|x64.Build.0 = Debug|x64
		{DFB17148-A8A9-4B31-B615-F77E0FA11715}.Debug|x64.Deploy.0 = Debug|x64
		{DFB17148-A8A9-4B31-B615-F77E0FA11715}.Debug|x86.ActiveCfg = Debug|x86
		{DFB17148-A8A9-4B31-B615-F77E0FA11715}.Debug|x86.Build.0 = Debug|x86
		{DFB17148-A8A9-4B31-B615-F77E0FA11715}.Debug|x86.Deploy.0 = Debug|x86
		{DFB17148-A8A9-4B31-B615-F77E0FA11715}.Release|ARM.ActiveCfg = Release|ARM
		{DFB17148-A8A9-4B31-B615-F77E0FA11715}.Release|ARM.Build.0 = Release|ARM
		{DFB17148-A8A9-4B31-B615-F77E0FA11715}.Release|ARM.Deploy.0 = Release|ARM
		{DFB17148-A8A9-4B31-B615-F77E0FA11715}.Release|ARM64.ActiveCfg = Release|ARM64
		{DFB17148-A8A9-4B31-B615-F77E0FA11715}.Release|ARM64.Build.0 = Release|ARM64
		{DFB17148-A8A9-4B31-B615-F77E0FA11715}.Release|ARM64.Deploy.0 = Release|ARM64
		{DFB17148-A8A9-4B31-B615-F77E0FA11715}.Release|x64.ActiveCfg = Release|x64
		{DFB17148-A8A9-4B31-B615-F77E0FA11715}.Release|x64.Build.0 = Release|x64
		{DFB17148-A8A9-4B31-B615-F77E0FA11715}.Release|x64.Deploy.0 = Release|x64
		{DFB17148-A8A9-4B31-B615-F77E0FA11715}.Release|x86.ActiveCfg = Release|x86
		{DFB17148-A8A9-4B31-B615-F77E0FA11715}.Release|x86.Build.0 = Release|x86
		{DFB17148-A8A9-4B31-B615-F77E0FA11715}.Release|x86.Deploy.0 = Release|x86
		{5091F19D-3DAF-4948-A40B-692F0A53160E}.Debug|ARM.ActiveCfg = Debug|ARM
		{5091F19D-3DAF-4948-A40B-692F0A53160E}.Debug|ARM.Build.0 = Debug|ARM
		{5091F19D-3DAF-4948-A40B-692F0A53160E}.Debug|ARM.Deploy.0 = Debug|ARM
		{5091F19D-3DAF-4948-A40B-692F0A53160E}.Debug|ARM64.ActiveCfg = Debug|ARM64
		{5091F19D-3DAF-4948-A40B-692F0A53160E}.Debug|ARM64.Build.0 = Debug|ARM64
		{5091F19D-3DAF-4948-A40B-692F0A53160E}.Debug|ARM64.Deploy.0 = Debug|ARM64
		{5091F19D-3DAF-4948-A40B-692F0A53160E}.Debug|x64.ActiveCfg = Debug|x64
		{5091F19D-3DAF-4948-A40B-692F0A53160E}.Debug|x64.Build.0 = Debug|x64
		{5091F19D-3DAF-4948-A40B-692F0A53160E}.Debug|x64.Deploy.0 = Debug|x64
		{5091F19D-3DAF-4948-A40B-692F0A53160E}.Debug|x86.ActiveCfg = Debug|x86
		{5091F19D-3DAF-4948-A40B-692F0A53160E}.Debug|x86.Build.0 = Debug|x86
		{5091F19D-3DAF-4948-A40B-692F0A53160E}.Debug|x86.Deploy.0 = Debug|x86
		{5091F19D-3DAF-4948-A40B-692F0A53160E}.Release|ARM.ActiveCfg = Release|ARM
		{5091F19D-3DAF-4948-A40B-692F0A53160E}.Release|ARM.Build.0 = Release|ARM
		{5091F19D-3DAF-4948-A40B-692F0A53160E}.Release|ARM.Deploy.0 = Release|ARM
		{5091F19D-3DAF-4948-A40B-692F0A53160E}.Release|ARM64.ActiveCfg = Release|ARM64
		{5091F19D-3DAF-4948-A40B-692F0A53160E}.Release|ARM64.Build.0 = Release|ARM64
		{5091F19D-3DAF-4948-A40B-692F0A53160E}.Release|ARM64.Deploy.0 = Release|ARM64
		{5091F19D-3DAF-4948-A40B-692F0A53160E}.Release|x64.ActiveCfg = Release|x64
		{5091F19D-3DAF-4948-A40B-692F0A53160E}.Release|x64.Build.0 = Release|x64
		{5091F19D-3DAF-4948-A40B-692F0A53160E}.Release|x64.Deploy.0 = Release|x64
		{5091F19D-3DAF-4948-A40B-692F0A53160E}.Release|x86.ActiveCfg = Release|x86
		{5091F19D-3DAF-4948-A40B-692F0A53160E}.Release|x86.Build.0 = Release|x86
		{5091F19D-3DAF-4948-A40B-692F0A53160E}.Release|x86.Deploy.0 = Release|x86
	EndGlobalSection
	GlobalSection(SolutionProperties) = preSolution
		HideSolutionNode = FALSE
	EndGlobalSection
	GlobalSection(ExtensibilityGlobals) = postSolution
		SolutionGuid = {0DF2FFD3-538C-49EE-9410-997A88A4FCE9}
	EndGlobalSection
EndGlobal
